
Microsoft Visual Studio Solution File, Format Version 12.00
# Visual Studio Version 17
VisualStudioVersion = 17.4.33213.308
MinimumVisualStudioVersion = 10.0.40219.1
Project("{FAE04EC0-301F-11D3-BF4B-00C04F79EFBC}") = "generateNumbers", "generateNumbers\generateNumbers.csproj", "{F5E1C046-033C-480E-9F56-3BEA83C885B8}"
EndProject
Global
	GlobalSection(SolutionConfigurationPlatforms) = preSolution
		Debug|Any CPU = Debug|Any CPU
		Release|Any CPU = Release|Any CPU
	EndGlobalSection
	GlobalSection(ProjectConfigurationPlatforms) = postSolution
		{F5E1C046-033C-480E-9F56-3BEA83C885B8}.Debug|Any CPU.ActiveCfg = Debug|Any CPU
		{F5E1C046-033C-480E-9F56-3BEA83C885B8}.Debug|Any CPU.Build.0 = Debug|Any CPU
		{F5E1C046-033C-480E-9F56-3BEA83C885B8}.Release|Any CPU.ActiveCfg = Release|Any CPU
		{F5E1C046-033C-480E-9F56-3BEA83C885B8}.Release|Any CPU.Build.0 = Release|Any CPU
	EndGlobalSection
	GlobalSection(SolutionProperties) = preSolution
		HideSolutionNode = FALSE
	EndGlobalSection
	GlobalSection(ExtensibilityGlobals) = postSolution
		SolutionGuid = {509B2BA7-5ED3-45E5-B9CD-074DC63262A0}
	EndGlobalSection
EndGlobal
